// !$*UTF8*$!
{
	archiveVersion = 1;
	classes = {
	};
	objectVersion = 56;
	objects = {

/* Begin PBXBuildFile section */
		8447F6362C5A9FF20067F3B0 /* Main.storyboard in Resources */ = {isa = PBXBuildFile; fileRef = 84F7F49F2C58D1AB00154D58 /* Main.storyboard */; };
		8447F6882C5BACDD0067F3B0 /* powered-by02x1x.png in Resources */ = {isa = PBXBuildFile; fileRef = 8447F6812C5BACDC0067F3B0 /* powered-by02x1x.png */; };
		8447F6892C5BACDD0067F3B0 /* Close_Button.jpeg in Resources */ = {isa = PBXBuildFile; fileRef = 8447F6822C5BACDC0067F3B0 /* Close_Button.jpeg */; };
		8447F68A2C5BACDD0067F3B0 /* close_button_1.png in Resources */ = {isa = PBXBuildFile; fileRef = 8447F6832C5BACDD0067F3B0 /* close_button_1.png */; };
		8447F68B2C5BACDD0067F3B0 /* close-button_2.png in Resources */ = {isa = PBXBuildFile; fileRef = 8447F6842C5BACDD0067F3B0 /* close-button_2.png */; };
		8447F68C2C5BACDD0067F3B0 /* powered-by01x1x.png in Resources */ = {isa = PBXBuildFile; fileRef = 8447F6852C5BACDD0067F3B0 /* powered-by01x1x.png */; };
		8447F68D2C5BACDD0067F3B0 /* powered-by01x2x.png in Resources */ = {isa = PBXBuildFile; fileRef = 8447F6862C5BACDD0067F3B0 /* powered-by01x2x.png */; };
		8447F68E2C5BACDD0067F3B0 /* powered-by02x2x.png in Resources */ = {isa = PBXBuildFile; fileRef = 8447F6872C5BACDD0067F3B0 /* powered-by02x2x.png */; };
		84D156992D13E692007DB294 /* close_white.png in Resources */ = {isa = PBXBuildFile; fileRef = 84D156982D13E692007DB294 /* close_white.png */; };
		84D1569F2D140CCD007DB294 /* SceneDelegate.swift in Sources */ = {isa = PBXBuildFile; fileRef = 84D1569E2D140CCD007DB294 /* SceneDelegate.swift */; };
		84D156A12D141B02007DB294 /* SurveyManager.swift in Sources */ = {isa = PBXBuildFile; fileRef = 84D156A02D141B02007DB294 /* SurveyManager.swift */; };
		84D156A92D143D61007DB294 /* QuestionProCXFramework.xcframework in Frameworks */ = {isa = PBXBuildFile; fileRef = 8447F6912C5CC1480067F3B0 /* QuestionProCXFramework.xcframework */; };
		84D156AA2D143D61007DB294 /* QuestionProCXFramework.xcframework in Embed Frameworks */ = {isa = PBXBuildFile; fileRef = 8447F6912C5CC1480067F3B0 /* QuestionProCXFramework.xcframework */; settings = {ATTRIBUTES = (CodeSignOnCopy, RemoveHeadersOnCopy, ); }; };
		84F7F49A2C58D1AB00154D58 /* AppDelegate.swift in Sources */ = {isa = PBXBuildFile; fileRef = 84F7F4992C58D1AB00154D58 /* AppDelegate.swift */; };
		84F7F49E2C58D1AB00154D58 /* ViewController.swift in Sources */ = {isa = PBXBuildFile; fileRef = 84F7F49D2C58D1AB00154D58 /* ViewController.swift */; };
		84F7F4A12C58D1AB00154D58 /* Base in Resources */ = {isa = PBXBuildFile; fileRef = 84F7F4A02C58D1AB00154D58 /* Base */; };
		84F7F4A32C58D1AC00154D58 /* Assets.xcassets in Resources */ = {isa = PBXBuildFile; fileRef = 84F7F4A22C58D1AC00154D58 /* Assets.xcassets */; };
		84F7F4A62C58D1AC00154D58 /* Base in Resources */ = {isa = PBXBuildFile; fileRef = 84F7F4A52C58D1AC00154D58 /* Base */; };
/* End PBXBuildFile section */

/* Begin PBXCopyFilesBuildPhase section */
		84D156AB2D143D61007DB294 /* Embed Frameworks */ = {
			isa = PBXCopyFilesBuildPhase;
			buildActionMask = 2147483647;
			dstPath = "";
			dstSubfolderSpec = 10;
			files = (
				84D156AA2D143D61007DB294 /* QuestionProCXFramework.xcframework in Embed Frameworks */,
			);
			name = "Embed Frameworks";
			runOnlyForDeploymentPostprocessing = 0;
		};
/* End PBXCopyFilesBuildPhase section */

/* Begin PBXFileReference section */
		8447F6812C5BACDC0067F3B0 /* powered-by02x1x.png */ = {isa = PBXFileReference; lastKnownFileType = image.png; path = "powered-by02x1x.png"; sourceTree = "<group>"; };
		8447F6822C5BACDC0067F3B0 /* Close_Button.jpeg */ = {isa = PBXFileReference; lastKnownFileType = image.jpeg; path = Close_Button.jpeg; sourceTree = "<group>"; };
		8447F6832C5BACDD0067F3B0 /* close_button_1.png */ = {isa = PBXFileReference; lastKnownFileType = image.png; path = close_button_1.png; sourceTree = "<group>"; };
		8447F6842C5BACDD0067F3B0 /* close-button_2.png */ = {isa = PBXFileReference; lastKnownFileType = image.png; path = "close-button_2.png"; sourceTree = "<group>"; };
		8447F6852C5BACDD0067F3B0 /* powered-by01x1x.png */ = {isa = PBXFileReference; lastKnownFileType = image.png; path = "powered-by01x1x.png"; sourceTree = "<group>"; };
		8447F6862C5BACDD0067F3B0 /* powered-by01x2x.png */ = {isa = PBXFileReference; lastKnownFileType = image.png; path = "powered-by01x2x.png"; sourceTree = "<group>"; };
		8447F6872C5BACDD0067F3B0 /* powered-by02x2x.png */ = {isa = PBXFileReference; lastKnownFileType = image.png; path = "powered-by02x2x.png"; sourceTree = "<group>"; };
		8447F6912C5CC1480067F3B0 /* QuestionProCXFramework.xcframework */ = {isa = PBXFileReference; lastKnownFileType = wrapper.xcframework; name = QuestionProCXFramework.xcframework; path = ../MobileCXFramework/output/QuestionProCXFramework.xcframework; sourceTree = "<group>"; };
		84D156982D13E692007DB294 /* close_white.png */ = {isa = PBXFileReference; lastKnownFileType = image.png; path = close_white.png; sourceTree = "<group>"; };
		84D1569E2D140CCD007DB294 /* SceneDelegate.swift */ = {isa = PBXFileReference; lastKnownFileType = sourcecode.swift; path = SceneDelegate.swift; sourceTree = "<group>"; };
		84D156A02D141B02007DB294 /* SurveyManager.swift */ = {isa = PBXFileReference; lastKnownFileType = sourcecode.swift; path = SurveyManager.swift; sourceTree = "<group>"; };
		84F7F4962C58D1AB00154D58 /* XCFrameworkConsumer.app */ = {isa = PBXFileReference; explicitFileType = wrapper.application; includeInIndex = 0; path = XCFrameworkConsumer.app; sourceTree = BUILT_PRODUCTS_DIR; };
		84F7F4992C58D1AB00154D58 /* AppDelegate.swift */ = {isa = PBXFileReference; lastKnownFileType = sourcecode.swift; path = AppDelegate.swift; sourceTree = "<group>"; };
		84F7F49D2C58D1AB00154D58 /* ViewController.swift */ = {isa = PBXFileReference; lastKnownFileType = sourcecode.swift; path = ViewController.swift; sourceTree = "<group>"; };
		84F7F4A02C58D1AB00154D58 /* Base */ = {isa = PBXFileReference; lastKnownFileType = file.storyboard; name = Base; path = Base.lproj/Main.storyboard; sourceTree = "<group>"; };
		84F7F4A22C58D1AC00154D58 /* Assets.xcassets */ = {isa = PBXFileReference; lastKnownFileType = folder.assetcatalog; path = Assets.xcassets; sourceTree = "<group>"; };
		84F7F4A52C58D1AC00154D58 /* Base */ = {isa = PBXFileReference; lastKnownFileType = file.storyboard; name = Base; path = Base.lproj/LaunchScreen.storyboard; sourceTree = "<group>"; };
		84F7F4A72C58D1AC00154D58 /* Info.plist */ = {isa = PBXFileReference; lastKnownFileType = text.plist.xml; path = Info.plist; sourceTree = "<group>"; };
/* End PBXFileReference section */

/* Begin PBXFrameworksBuildPhase section */
		84F7F4932C58D1AB00154D58 /* Frameworks */ = {
			isa = PBXFrameworksBuildPhase;
			buildActionMask = 2147483647;
			files = (
				84D156A92D143D61007DB294 /* QuestionProCXFramework.xcframework in Frameworks */,
			);
			runOnlyForDeploymentPostprocessing = 0;
		};
/* End PBXFrameworksBuildPhase section */

/* Begin PBXGroup section */
		8447F68F2C5BACE20067F3B0 /* MobileCX_Resources */ = {
			isa = PBXGroup;
			children = (
				84D156982D13E692007DB294 /* close_white.png */,
				8447F6832C5BACDD0067F3B0 /* close_button_1.png */,
				8447F6822C5BACDC0067F3B0 /* Close_Button.jpeg */,
				8447F6842C5BACDD0067F3B0 /* close-button_2.png */,
				8447F6852C5BACDD0067F3B0 /* powered-by01x1x.png */,
				8447F6862C5BACDD0067F3B0 /* powered-by01x2x.png */,
				8447F6812C5BACDC0067F3B0 /* powered-by02x1x.png */,
				8447F6872C5BACDD0067F3B0 /* powered-by02x2x.png */,
			);
			name = MobileCX_Resources;
			sourceTree = "<group>";
		};
		84F7F48D2C58D1AB00154D58 = {
			isa = PBXGroup;
			children = (
				84F7F4982C58D1AB00154D58 /* XCFrameworkConsumer */,
				84F7F4972C58D1AB00154D58 /* Products */,
				84F7F4AD2C58D2C800154D58 /* Frameworks */,
			);
			sourceTree = "<group>";
		};
		84F7F4972C58D1AB00154D58 /* Products */ = {
			isa = PBXGroup;
			children = (
				84F7F4962C58D1AB00154D58 /* XCFrameworkConsumer.app */,
			);
			name = Products;
			sourceTree = "<group>";
		};
		84F7F4982C58D1AB00154D58 /* XCFrameworkConsumer */ = {
			isa = PBXGroup;
			children = (
				84D1569E2D140CCD007DB294 /* SceneDelegate.swift */,
				84D156A02D141B02007DB294 /* SurveyManager.swift */,
				84F7F4992C58D1AB00154D58 /* AppDelegate.swift */,
				84F7F49D2C58D1AB00154D58 /* ViewController.swift */,
				84F7F49F2C58D1AB00154D58 /* Main.storyboard */,
				84F7F4A22C58D1AC00154D58 /* Assets.xcassets */,
				84F7F4A42C58D1AC00154D58 /* LaunchScreen.storyboard */,
				84F7F4A72C58D1AC00154D58 /* Info.plist */,
			);
			path = XCFrameworkConsumer;
			sourceTree = "<group>";
		};
		84F7F4AD2C58D2C800154D58 /* Frameworks */ = {
			isa = PBXGroup;
			children = (
				8447F6912C5CC1480067F3B0 /* QuestionProCXFramework.xcframework */,
				8447F68F2C5BACE20067F3B0 /* MobileCX_Resources */,
			);
			name = Frameworks;
			sourceTree = "<group>";
		};
/* End PBXGroup section */

/* Begin PBXNativeTarget section */
		84F7F4952C58D1AB00154D58 /* XCFrameworkConsumer */ = {
			isa = PBXNativeTarget;
			buildConfigurationList = 84F7F4AA2C58D1AC00154D58 /* Build configuration list for PBXNativeTarget "XCFrameworkConsumer" */;
			buildPhases = (
				84F7F4922C58D1AB00154D58 /* Sources */,
				84F7F4932C58D1AB00154D58 /* Frameworks */,
				84F7F4942C58D1AB00154D58 /* Resources */,
				84D156AB2D143D61007DB294 /* Embed Frameworks */,
			);
			buildRules = (
			);
			dependencies = (
			);
			name = XCFrameworkConsumer;
			productName = XCFrameworkConsumer;
			productReference = 84F7F4962C58D1AB00154D58 /* XCFrameworkConsumer.app */;
			productType = "com.apple.product-type.application";
		};
/* End PBXNativeTarget section */

/* Begin PBXProject section */
		84F7F48E2C58D1AB00154D58 /* Project object */ = {
			isa = PBXProject;
			attributes = {
				BuildIndependentTargetsInParallel = 1;
				LastSwiftUpdateCheck = 1540;
				LastUpgradeCheck = 1540;
				TargetAttributes = {
					84F7F4952C58D1AB00154D58 = {
						CreatedOnToolsVersion = 15.4;
					};
				};
			};
			buildConfigurationList = 84F7F4912C58D1AB00154D58 /* Build configuration list for PBXProject "XCFrameworkConsumer" */;
			compatibilityVersion = "Xcode 14.0";
			developmentRegion = en;
			hasScannedForEncodings = 0;
			knownRegions = (
				en,
				Base,
			);
			mainGroup = 84F7F48D2C58D1AB00154D58;
			productRefGroup = 84F7F4972C58D1AB00154D58 /* Products */;
			projectDirPath = "";
			projectRoot = "";
			targets = (
				84F7F4952C58D1AB00154D58 /* XCFrameworkConsumer */,
			);
		};
/* End PBXProject section */

/* Begin PBXResourcesBuildPhase section */
		84F7F4942C58D1AB00154D58 /* Resources */ = {
			isa = PBXResourcesBuildPhase;
			buildActionMask = 2147483647;
			files = (
				8447F6882C5BACDD0067F3B0 /* powered-by02x1x.png in Resources */,
				8447F68A2C5BACDD0067F3B0 /* close_button_1.png in Resources */,
				84F7F4A32C58D1AC00154D58 /* Assets.xcassets in Resources */,
				8447F6892C5BACDD0067F3B0 /* Close_Button.jpeg in Resources */,
				84F7F4A62C58D1AC00154D58 /* Base in Resources */,
				8447F68D2C5BACDD0067F3B0 /* powered-by01x2x.png in Resources */,
				8447F68B2C5BACDD0067F3B0 /* close-button_2.png in Resources */,
				8447F68E2C5BACDD0067F3B0 /* powered-by02x2x.png in Resources */,
				84D156992D13E692007DB294 /* close_white.png in Resources */,
				84F7F4A12C58D1AB00154D58 /* Base in Resources */,
				8447F6362C5A9FF20067F3B0 /* Main.storyboard in Resources */,
				8447F68C2C5BACDD0067F3B0 /* powered-by01x1x.png in Resources */,
			);
			runOnlyForDeploymentPostprocessing = 0;
		};
/* End PBXResourcesBuildPhase section */

/* Begin PBXSourcesBuildPhase section */
		84F7F4922C58D1AB00154D58 /* Sources */ = {
			isa = PBXSourcesBuildPhase;
			buildActionMask = 2147483647;
			files = (
				84F7F49E2C58D1AB00154D58 /* ViewController.swift in Sources */,
				84F7F49A2C58D1AB00154D58 /* AppDelegate.swift in Sources */,
				84D1569F2D140CCD007DB294 /* SceneDelegate.swift in Sources */,
				84D156A12D141B02007DB294 /* SurveyManager.swift in Sources */,
			);
			runOnlyForDeploymentPostprocessing = 0;
		};
/* End PBXSourcesBuildPhase section */

/* Begin PBXVariantGroup section */
		84F7F49F2C58D1AB00154D58 /* Main.storyboard */ = {
			isa = PBXVariantGroup;
			children = (
				84F7F4A02C58D1AB00154D58 /* Base */,
			);
			name = Main.storyboard;
			sourceTree = "<group>";
		};
		84F7F4A42C58D1AC00154D58 /* LaunchScreen.storyboard */ = {
			isa = PBXVariantGroup;
			children = (
				84F7F4A52C58D1AC00154D58 /* Base */,
			);
			name = LaunchScreen.storyboard;
			sourceTree = "<group>";
		};
/* End PBXVariantGroup section */

/* Begin XCBuildConfiguration section */
		84F7F4A82C58D1AC00154D58 /* Debug */ = {
			isa = XCBuildConfiguration;
			buildSettings = {
				ALWAYS_SEARCH_USER_PATHS = NO;
				ASSETCATALOG_COMPILER_GENERATE_SWIFT_ASSET_SYMBOL_EXTENSIONS = YES;
				CLANG_ANALYZER_NONNULL = YES;
				CLANG_ANALYZER_NUMBER_OBJECT_CONVERSION = YES_AGGRESSIVE;
				CLANG_CXX_LANGUAGE_STANDARD = "gnu++20";
				CLANG_ENABLE_MODULES = YES;
				CLANG_ENABLE_OBJC_ARC = YES;
				CLANG_ENABLE_OBJC_WEAK = YES;
				CLANG_WARN_BLOCK_CAPTURE_AUTORELEASING = YES;
				CLANG_WARN_BOOL_CONVERSION = YES;
				CLANG_WARN_COMMA = YES;
				CLANG_WARN_CONSTANT_CONVERSION = YES;
				CLANG_WARN_DEPRECATED_OBJC_IMPLEMENTATIONS = YES;
				CLANG_WARN_DIRECT_OBJC_ISA_USAGE = YES_ERROR;
				CLANG_WARN_DOCUMENTATION_COMMENTS = YES;
				CLANG_WARN_EMPTY_BODY = YES;
				CLANG_WARN_ENUM_CONVERSION = YES;
				CLANG_WARN_INFINITE_RECURSION = YES;
				CLANG_WARN_INT_CONVERSION = YES;
				CLANG_WARN_NON_LITERAL_NULL_CONVERSION = YES;
				CLANG_WARN_OBJC_IMPLICIT_RETAIN_SELF = YES;
				CLANG_WARN_OBJC_LITERAL_CONVERSION = YES;
				CLANG_WARN_OBJC_ROOT_CLASS = YES_ERROR;
				CLANG_WARN_QUOTED_INCLUDE_IN_FRAMEWORK_HEADER = YES;
				CLANG_WARN_RANGE_LOOP_ANALYSIS = YES;
				CLANG_WARN_STRICT_PROTOTYPES = YES;
				CLANG_WARN_SUSPICIOUS_MOVE = YES;
				CLANG_WARN_UNGUARDED_AVAILABILITY = YES_AGGRESSIVE;
				CLANG_WARN_UNREACHABLE_CODE = YES;
				CLANG_WARN__DUPLICATE_METHOD_MATCH = YES;
				COPY_PHASE_STRIP = NO;
				DEBUG_INFORMATION_FORMAT = dwarf;
				ENABLE_STRICT_OBJC_MSGSEND = YES;
				ENABLE_TESTABILITY = YES;
				ENABLE_USER_SCRIPT_SANDBOXING = YES;
				GCC_C_LANGUAGE_STANDARD = gnu17;
				GCC_DYNAMIC_NO_PIC = NO;
				GCC_NO_COMMON_BLOCKS = YES;
				GCC_OPTIMIZATION_LEVEL = 0;
				GCC_PREPROCESSOR_DEFINITIONS = (
					"DEBUG=1",
					"$(inherited)",
				);
				GCC_WARN_64_TO_32_BIT_CONVERSION = YES;
				GCC_WARN_ABOUT_RETURN_TYPE = YES_ERROR;
				GCC_WARN_UNDECLARED_SELECTOR = YES;
				GCC_WARN_UNINITIALIZED_AUTOS = YES_AGGRESSIVE;
				GCC_WARN_UNUSED_FUNCTION = YES;
				GCC_WARN_UNUSED_VARIABLE = YES;
				IPHONEOS_DEPLOYMENT_TARGET = 17.5;
				LOCALIZATION_PREFERS_STRING_CATALOGS = YES;
				MTL_ENABLE_DEBUG_INFO = INCLUDE_SOURCE;
				MTL_FAST_MATH = YES;
				ONLY_ACTIVE_ARCH = YES;
				SDKROOT = iphoneos;
				SWIFT_ACTIVE_COMPILATION_CONDITIONS = "DEBUG $(inherited)";
				SWIFT_OPTIMIZATION_LEVEL = "-Onone";
			};
			name = Debug;
		};
		84F7F4A92C58D1AC00154D58 /* Release */ = {
			isa = XCBuildConfiguration;
			buildSettings = {
				ALWAYS_SEARCH_USER_PATHS = NO;
				ASSETCATALOG_COMPILER_GENERATE_SWIFT_ASSET_SYMBOL_EXTENSIONS = YES;
				CLANG_ANALYZER_NONNULL = YES;
				CLANG_ANALYZER_NUMBER_OBJECT_CONVERSION = YES_AGGRESSIVE;
				CLANG_CXX_LANGUAGE_STANDARD = "gnu++20";
				CLANG_ENABLE_MODULES = YES;
				CLANG_ENABLE_OBJC_ARC = YES;
				CLANG_ENABLE_OBJC_WEAK = YES;
				CLANG_WARN_BLOCK_CAPTURE_AUTORELEASING = YES;
				CLANG_WARN_BOOL_CONVERSION = YES;
				CLANG_WARN_COMMA = YES;
				CLANG_WARN_CONSTANT_CONVERSION = YES;
				CLANG_WARN_DEPRECATED_OBJC_IMPLEMENTATIONS = YES;
				CLANG_WARN_DIRECT_OBJC_ISA_USAGE = YES_ERROR;
				CLANG_WARN_DOCUMENTATION_COMMENTS = YES;
				CLANG_WARN_EMPTY_BODY = YES;
				CLANG_WARN_ENUM_CONVERSION = YES;
				CLANG_WARN_INFINITE_RECURSION = YES;
				CLANG_WARN_INT_CONVERSION = YES;
				CLANG_WARN_NON_LITERAL_NULL_CONVERSION = YES;
				CLANG_WARN_OBJC_IMPLICIT_RETAIN_SELF = YES;
				CLANG_WARN_OBJC_LITERAL_CONVERSION = YES;
				CLANG_WARN_OBJC_ROOT_CLASS = YES_ERROR;
				CLANG_WARN_QUOTED_INCLUDE_IN_FRAMEWORK_HEADER = YES;
				CLANG_WARN_RANGE_LOOP_ANALYSIS = YES;
				CLANG_WARN_STRICT_PROTOTYPES = YES;
				CLANG_WARN_SUSPICIOUS_MOVE = YES;
				CLANG_WARN_UNGUARDED_AVAILABILITY = YES_AGGRESSIVE;
				CLANG_WARN_UNREACHABLE_CODE = YES;
				CLANG_WARN__DUPLICATE_METHOD_MATCH = YES;
				COPY_PHASE_STRIP = NO;
				DEBUG_INFORMATION_FORMAT = "dwarf-with-dsym";
				ENABLE_NS_ASSERTIONS = NO;
				ENABLE_STRICT_OBJC_MSGSEND = YES;
				ENABLE_USER_SCRIPT_SANDBOXING = YES;
				GCC_C_LANGUAGE_STANDARD = gnu17;
				GCC_NO_COMMON_BLOCKS = YES;
				GCC_WARN_64_TO_32_BIT_CONVERSION = YES;
				GCC_WARN_ABOUT_RETURN_TYPE = YES_ERROR;
				GCC_WARN_UNDECLARED_SELECTOR = YES;
				GCC_WARN_UNINITIALIZED_AUTOS = YES_AGGRESSIVE;
				GCC_WARN_UNUSED_FUNCTION = YES;
				GCC_WARN_UNUSED_VARIABLE = YES;
				IPHONEOS_DEPLOYMENT_TARGET = 17.5;
				LOCALIZATION_PREFERS_STRING_CATALOGS = YES;
				MTL_ENABLE_DEBUG_INFO = NO;
				MTL_FAST_MATH = YES;
				SDKROOT = iphoneos;
				SWIFT_COMPILATION_MODE = wholemodule;
				VALIDATE_PRODUCT = YES;
			};
			name = Release;
		};
		84F7F4AB2C58D1AC00154D58 /* Debug */ = {
			isa = XCBuildConfiguration;
			buildSettings = {
				ASSETCATALOG_COMPILER_APPICON_NAME = AppIcon;
				ASSETCATALOG_COMPILER_GLOBAL_ACCENT_COLOR_NAME = AccentColor;
				CODE_SIGN_IDENTITY = "Apple Development";
				CODE_SIGN_STYLE = Automatic;
				CURRENT_PROJECT_VERSION = 1;
				DEVELOPMENT_TEAM = 32Y3X84598;
				GENERATE_INFOPLIST_FILE = YES;
				INFOPLIST_FILE = XCFrameworkConsumer/Info.plist;
				INFOPLIST_KEY_UIApplicationSupportsIndirectInputEvents = YES;
				INFOPLIST_KEY_UILaunchStoryboardName = LaunchScreen;
				INFOPLIST_KEY_UIMainStoryboardFile = Main;
				INFOPLIST_KEY_UISupportedInterfaceOrientations_iPad = "UIInterfaceOrientationPortrait UIInterfaceOrientationPortraitUpsideDown UIInterfaceOrientationLandscapeLeft UIInterfaceOrientationLandscapeRight";
				INFOPLIST_KEY_UISupportedInterfaceOrientations_iPhone = "UIInterfaceOrientationPortrait UIInterfaceOrientationLandscapeLeft UIInterfaceOrientationLandscapeRight";
				IPHONEOS_DEPLOYMENT_TARGET = 13.0;
				LD_RUNPATH_SEARCH_PATHS = (
					"$(inherited)",
					"@executable_path/Frameworks",
				);
				MARKETING_VERSION = 1.0;
				PRODUCT_BUNDLE_IDENTIFIER = com.questionpro.XCFrameworkConsumer;
				PRODUCT_NAME = "$(TARGET_NAME)";
				PROVISIONING_PROFILE_SPECIFIER = "";
				SWIFT_EMIT_LOC_STRINGS = YES;
				SWIFT_VERSION = 5.0;
				TARGETED_DEVICE_FAMILY = "1,2";
			};
			name = Debug;
		};
		84F7F4AC2C58D1AC00154D58 /* Release */ = {
			isa = XCBuildConfiguration;
			buildSettings = {
				ASSETCATALOG_COMPILER_APPICON_NAME = AppIcon;
				ASSETCATALOG_COMPILER_GLOBAL_ACCENT_COLOR_NAME = AccentColor;
				CODE_SIGN_IDENTITY = "Apple Development";
				CODE_SIGN_STYLE = Automatic;
				CURRENT_PROJECT_VERSION = 1;
				DEVELOPMENT_TEAM = 32Y3X84598;
				GENERATE_INFOPLIST_FILE = YES;
				INFOPLIST_FILE = XCFrameworkConsumer/Info.plist;
				INFOPLIST_KEY_UIApplicationSupportsIndirectInputEvents = YES;
				INFOPLIST_KEY_UILaunchStoryboardName = LaunchScreen;
				INFOPLIST_KEY_UIMainStoryboardFile = Main;
				INFOPLIST_KEY_UISupportedInterfaceOrientations_iPad = "UIInterfaceOrientationPortrait UIInterfaceOrientationPortraitUpsideDown UIInterfaceOrientationLandscapeLeft UIInterfaceOrientationLandscapeRight";
				INFOPLIST_KEY_UISupportedInterfaceOrientations_iPhone = "UIInterfaceOrientationPortrait UIInterfaceOrientationLandscapeLeft UIInterfaceOrientationLandscapeRight";
				IPHONEOS_DEPLOYMENT_TARGET = 13.0;
				LD_RUNPATH_SEARCH_PATHS = (
					"$(inherited)",
					"@executable_path/Frameworks",
				);
				MARKETING_VERSION = 1.0;
				PRODUCT_BUNDLE_IDENTIFIER = com.questionpro.XCFrameworkConsumer;
				PRODUCT_NAME = "$(TARGET_NAME)";
				PROVISIONING_PROFILE_SPECIFIER = "";
				SWIFT_EMIT_LOC_STRINGS = YES;
				SWIFT_VERSION = 5.0;
				TARGETED_DEVICE_FAMILY = "1,2";
			};
			name = Release;
		};
/* End XCBuildConfiguration section */

/* Begin XCConfigurationList section */
		84F7F4912C58D1AB00154D58 /* Build configuration list for PBXProject "XCFrameworkConsumer" */ = {
			isa = XCConfigurationList;
			buildConfigurations = (
				84F7F4A82C58D1AC00154D58 /* Debug */,
				84F7F4A92C58D1AC00154D58 /* Release */,
			);
			defaultConfigurationIsVisible = 0;
			defaultConfigurationName = Release;
		};
		84F7F4AA2C58D1AC00154D58 /* Build configuration list for PBXNativeTarget "XCFrameworkConsumer" */ = {
			isa = XCConfigurationList;
			buildConfigurations = (
				84F7F4AB2C58D1AC00154D58 /* Debug */,
				84F7F4AC2C58D1AC00154D58 /* Release */,
			);
			defaultConfigurationIsVisible = 0;
			defaultConfigurationName = Release;
		};
/* End XCConfigurationList section */
	};
	rootObject = 84F7F48E2C58D1AB00154D58 /* Project object */;
}
