// !$*UTF8*$!
{
	archiveVersion = 1;
	classes = {
	};
	objectVersion = 46;
	objects = {

/* Begin PBXBuildFile section */
		C2AB2ACB1CC5353000404A01 /* main.m in Sources */ = {isa = PBXBuildFile; fileRef = C2AB2ACA1CC5353000404A01 /* main.m */; };
		C2AB2ACE1CC5353000404A01 /* AppDelegate.m in Sources */ = {isa = PBXBuildFile; fileRef = C2AB2ACD1CC5353000404A01 /* AppDelegate.m */; };
		C2AB2AD11CC5353000404A01 /* ViewController.m in Sources */ = {isa = PBXBuildFile; fileRef = C2AB2AD01CC5353000404A01 /* ViewController.m */; };
		C2AB2AD41CC5353000404A01 /* Main.storyboard in Resources */ = {isa = PBXBuildFile; fileRef = C2AB2AD21CC5353000404A01 /* Main.storyboard */; };
		C2AB2AD61CC5353000404A01 /* Assets.xcassets in Resources */ = {isa = PBXBuildFile; fileRef = C2AB2AD51CC5353000404A01 /* Assets.xcassets */; };
		C2AB2AD91CC5353000404A01 /* LaunchScreen.storyboard in Resources */ = {isa = PBXBuildFile; fileRef = C2AB2AD71CC5353000404A01 /* LaunchScreen.storyboard */; };
		C2AB2AEF1CC535C500404A01 /* libMobileCX_Library.a in Frameworks */ = {isa = PBXBuildFile; fileRef = C2AB2AE71CC5353F00404A01 /* libMobileCX_Library.a */; };
		C2AB2AF01CC535D100404A01 /* MobileCX_Resource.bundle in Resources */ = {isa = PBXBuildFile; fileRef = C2AB2AE91CC5353F00404A01 /* MobileCX_Resource.bundle */; };
/* End PBXBuildFile section */

/* Begin PBXContainerItemProxy section */
		C2AB2AE61CC5353F00404A01 /* PBXContainerItemProxy */ = {
			isa = PBXContainerItemProxy;
			containerPortal = C2AB2AE01CC5353E00404A01 /* MobileCX_Library.xcodeproj */;
			proxyType = 2;
			remoteGlobalIDString = C283EC7C1CABACFA000BB41A;
			remoteInfo = MobileCX_Library;
		};
		C2AB2AE81CC5353F00404A01 /* PBXContainerItemProxy */ = {
			isa = PBXContainerItemProxy;
			containerPortal = C2AB2AE01CC5353E00404A01 /* MobileCX_Library.xcodeproj */;
			proxyType = 2;
			remoteGlobalIDString = C279FA231CABD4C100641AC2;
			remoteInfo = MobileCX_Resource;
		};
		C2AB2AEB1CC535BB00404A01 /* PBXContainerItemProxy */ = {
			isa = PBXContainerItemProxy;
			containerPortal = C2AB2AE01CC5353E00404A01 /* MobileCX_Library.xcodeproj */;
			proxyType = 1;
			remoteGlobalIDString = C283EC7B1CABACFA000BB41A;
			remoteInfo = MobileCX_Library;
		};
		C2AB2AED1CC535BB00404A01 /* PBXContainerItemProxy */ = {
			isa = PBXContainerItemProxy;
			containerPortal = C2AB2AE01CC5353E00404A01 /* MobileCX_Library.xcodeproj */;
			proxyType = 1;
			remoteGlobalIDString = C279FA221CABD4C100641AC2;
			remoteInfo = MobileCX_Resource;
		};
/* End PBXContainerItemProxy section */

/* Begin PBXFileReference section */
		C2AB2AC61CC5353000404A01 /* SampleApp.app */ = {isa = PBXFileReference; explicitFileType = wrapper.application; includeInIndex = 0; path = SampleApp.app; sourceTree = BUILT_PRODUCTS_DIR; };
		C2AB2ACA1CC5353000404A01 /* main.m */ = {isa = PBXFileReference; lastKnownFileType = sourcecode.c.objc; path = main.m; sourceTree = "<group>"; };
		C2AB2ACC1CC5353000404A01 /* AppDelegate.h */ = {isa = PBXFileReference; lastKnownFileType = sourcecode.c.h; path = AppDelegate.h; sourceTree = "<group>"; };
		C2AB2ACD1CC5353000404A01 /* AppDelegate.m */ = {isa = PBXFileReference; lastKnownFileType = sourcecode.c.objc; path = AppDelegate.m; sourceTree = "<group>"; };
		C2AB2ACF1CC5353000404A01 /* ViewController.h */ = {isa = PBXFileReference; lastKnownFileType = sourcecode.c.h; path = ViewController.h; sourceTree = "<group>"; };
		C2AB2AD01CC5353000404A01 /* ViewController.m */ = {isa = PBXFileReference; lastKnownFileType = sourcecode.c.objc; path = ViewController.m; sourceTree = "<group>"; };
		C2AB2AD31CC5353000404A01 /* Base */ = {isa = PBXFileReference; lastKnownFileType = file.storyboard; name = Base; path = Base.lproj/Main.storyboard; sourceTree = "<group>"; };
		C2AB2AD51CC5353000404A01 /* Assets.xcassets */ = {isa = PBXFileReference; lastKnownFileType = folder.assetcatalog; path = Assets.xcassets; sourceTree = "<group>"; };
		C2AB2AD81CC5353000404A01 /* Base */ = {isa = PBXFileReference; lastKnownFileType = file.storyboard; name = Base; path = Base.lproj/LaunchScreen.storyboard; sourceTree = "<group>"; };
		C2AB2ADA1CC5353000404A01 /* Info.plist */ = {isa = PBXFileReference; lastKnownFileType = text.plist.xml; path = Info.plist; sourceTree = "<group>"; };
		C2AB2AE01CC5353E00404A01 /* MobileCX_Library.xcodeproj */ = {isa = PBXFileReference; lastKnownFileType = "wrapper.pb-project"; name = MobileCX_Library.xcodeproj; path = ../MobileCX_Library/MobileCX_Library.xcodeproj; sourceTree = "<group>"; };
/* End PBXFileReference section */

/* Begin PBXFrameworksBuildPhase section */
		C2AB2AC31CC5353000404A01 /* Frameworks */ = {
			isa = PBXFrameworksBuildPhase;
			buildActionMask = 2147483647;
			files = (
				C2AB2AEF1CC535C500404A01 /* libMobileCX_Library.a in Frameworks */,
			);
			runOnlyForDeploymentPostprocessing = 0;
		};
/* End PBXFrameworksBuildPhase section */

/* Begin PBXGroup section */
		C2AB2ABD1CC5353000404A01 = {
			isa = PBXGroup;
			children = (
				C2AB2AE01CC5353E00404A01 /* MobileCX_Library.xcodeproj */,
				C2AB2AC81CC5353000404A01 /* SampleApp */,
				C2AB2AC71CC5353000404A01 /* Products */,
			);
			sourceTree = "<group>";
		};
		C2AB2AC71CC5353000404A01 /* Products */ = {
			isa = PBXGroup;
			children = (
				C2AB2AC61CC5353000404A01 /* SampleApp.app */,
			);
			name = Products;
			sourceTree = "<group>";
		};
		C2AB2AC81CC5353000404A01 /* SampleApp */ = {
			isa = PBXGroup;
			children = (
				C2AB2ACC1CC5353000404A01 /* AppDelegate.h */,
				C2AB2ACD1CC5353000404A01 /* AppDelegate.m */,
				C2AB2ACF1CC5353000404A01 /* ViewController.h */,
				C2AB2AD01CC5353000404A01 /* ViewController.m */,
				C2AB2AD21CC5353000404A01 /* Main.storyboard */,
				C2AB2AD51CC5353000404A01 /* Assets.xcassets */,
				C2AB2AD71CC5353000404A01 /* LaunchScreen.storyboard */,
				C2AB2ADA1CC5353000404A01 /* Info.plist */,
				C2AB2AC91CC5353000404A01 /* Supporting Files */,
			);
			path = SampleApp;
			sourceTree = "<group>";
		};
		C2AB2AC91CC5353000404A01 /* Supporting Files */ = {
			isa = PBXGroup;
			children = (
				C2AB2ACA1CC5353000404A01 /* main.m */,
			);
			name = "Supporting Files";
			sourceTree = "<group>";
		};
		C2AB2AE11CC5353E00404A01 /* Products */ = {
			isa = PBXGroup;
			children = (
				C2AB2AE71CC5353F00404A01 /* libMobileCX_Library.a */,
				C2AB2AE91CC5353F00404A01 /* MobileCX_Resource.bundle */,
			);
			name = Products;
			sourceTree = "<group>";
		};
/* End PBXGroup section */

/* Begin PBXNativeTarget section */
		C2AB2AC51CC5353000404A01 /* SampleApp */ = {
			isa = PBXNativeTarget;
			buildConfigurationList = C2AB2ADD1CC5353000404A01 /* Build configuration list for PBXNativeTarget "SampleApp" */;
			buildPhases = (
				C2AB2AC21CC5353000404A01 /* Sources */,
				C2AB2AC31CC5353000404A01 /* Frameworks */,
				C2AB2AC41CC5353000404A01 /* Resources */,
			);
			buildRules = (
			);
			dependencies = (
				C2AB2AEC1CC535BB00404A01 /* PBXTargetDependency */,
				C2AB2AEE1CC535BB00404A01 /* PBXTargetDependency */,
			);
			name = SampleApp;
			productName = SampleApp;
			productReference = C2AB2AC61CC5353000404A01 /* SampleApp.app */;
			productType = "com.apple.product-type.application";
		};
/* End PBXNativeTarget section */

/* Begin PBXProject section */
		C2AB2ABE1CC5353000404A01 /* Project object */ = {
			isa = PBXProject;
			attributes = {
				LastUpgradeCheck = 0720;
				ORGANIZATIONNAME = QuestionPro;
				TargetAttributes = {
					C2AB2AC51CC5353000404A01 = {
						CreatedOnToolsVersion = 7.2;
						ProvisioningStyle = Automatic;
					};
				};
			};
			buildConfigurationList = C2AB2AC11CC5353000404A01 /* Build configuration list for PBXProject "SampleApp" */;
			compatibilityVersion = "Xcode 3.2";
			developmentRegion = English;
			hasScannedForEncodings = 0;
			knownRegions = (
				English,
				en,
				Base,
			);
			mainGroup = C2AB2ABD1CC5353000404A01;
			productRefGroup = C2AB2AC71CC5353000404A01 /* Products */;
			projectDirPath = "";
			projectReferences = (
				{
					ProductGroup = C2AB2AE11CC5353E00404A01 /* Products */;
					ProjectRef = C2AB2AE01CC5353E00404A01 /* MobileCX_Library.xcodeproj */;
				},
			);
			projectRoot = "";
			targets = (
				C2AB2AC51CC5353000404A01 /* SampleApp */,
			);
		};
/* End PBXProject section */

/* Begin PBXReferenceProxy section */
		C2AB2AE71CC5353F00404A01 /* libMobileCX_Library.a */ = {
			isa = PBXReferenceProxy;
			fileType = archive.ar;
			path = libMobileCX_Library.a;
			remoteRef = C2AB2AE61CC5353F00404A01 /* PBXContainerItemProxy */;
			sourceTree = BUILT_PRODUCTS_DIR;
		};
		C2AB2AE91CC5353F00404A01 /* MobileCX_Resource.bundle */ = {
			isa = PBXReferenceProxy;
			fileType = wrapper.cfbundle;
			path = MobileCX_Resource.bundle;
			remoteRef = C2AB2AE81CC5353F00404A01 /* PBXContainerItemProxy */;
			sourceTree = BUILT_PRODUCTS_DIR;
		};
/* End PBXReferenceProxy section */

/* Begin PBXResourcesBuildPhase section */
		C2AB2AC41CC5353000404A01 /* Resources */ = {
			isa = PBXResourcesBuildPhase;
			buildActionMask = 2147483647;
			files = (
				C2AB2AF01CC535D100404A01 /* MobileCX_Resource.bundle in Resources */,
				C2AB2AD91CC5353000404A01 /* LaunchScreen.storyboard in Resources */,
				C2AB2AD61CC5353000404A01 /* Assets.xcassets in Resources */,
				C2AB2AD41CC5353000404A01 /* Main.storyboard in Resources */,
			);
			runOnlyForDeploymentPostprocessing = 0;
		};
/* End PBXResourcesBuildPhase section */

/* Begin PBXSourcesBuildPhase section */
		C2AB2AC21CC5353000404A01 /* Sources */ = {
			isa = PBXSourcesBuildPhase;
			buildActionMask = 2147483647;
			files = (
				C2AB2AD11CC5353000404A01 /* ViewController.m in Sources */,
				C2AB2ACE1CC5353000404A01 /* AppDelegate.m in Sources */,
				C2AB2ACB1CC5353000404A01 /* main.m in Sources */,
			);
			runOnlyForDeploymentPostprocessing = 0;
		};
/* End PBXSourcesBuildPhase section */

/* Begin PBXTargetDependency section */
		C2AB2AEC1CC535BB00404A01 /* PBXTargetDependency */ = {
			isa = PBXTargetDependency;
			name = MobileCX_Library;
			targetProxy = C2AB2AEB1CC535BB00404A01 /* PBXContainerItemProxy */;
		};
		C2AB2AEE1CC535BB00404A01 /* PBXTargetDependency */ = {
			isa = PBXTargetDependency;
			name = MobileCX_Resource;
			targetProxy = C2AB2AED1CC535BB00404A01 /* PBXContainerItemProxy */;
		};
/* End PBXTargetDependency section */

/* Begin PBXVariantGroup section */
		C2AB2AD21CC5353000404A01 /* Main.storyboard */ = {
			isa = PBXVariantGroup;
			children = (
				C2AB2AD31CC5353000404A01 /* Base */,
			);
			name = Main.storyboard;
			sourceTree = "<group>";
		};
		C2AB2AD71CC5353000404A01 /* LaunchScreen.storyboard */ = {
			isa = PBXVariantGroup;
			children = (
				C2AB2AD81CC5353000404A01 /* Base */,
			);
			name = LaunchScreen.storyboard;
			sourceTree = "<group>";
		};
/* End PBXVariantGroup section */

/* Begin XCBuildConfiguration section */
		C2AB2ADB1CC5353000404A01 /* Debug */ = {
			isa = XCBuildConfiguration;
			buildSettings = {
				ALWAYS_SEARCH_USER_PATHS = NO;
				CLANG_CXX_LANGUAGE_STANDARD = "gnu++0x";
				CLANG_CXX_LIBRARY = "libc++";
				CLANG_ENABLE_MODULES = YES;
				CLANG_ENABLE_OBJC_ARC = YES;
				CLANG_WARN_BOOL_CONVERSION = YES;
				CLANG_WARN_CONSTANT_CONVERSION = YES;
				CLANG_WARN_DIRECT_OBJC_ISA_USAGE = YES_ERROR;
				CLANG_WARN_EMPTY_BODY = YES;
				CLANG_WARN_ENUM_CONVERSION = YES;
				CLANG_WARN_INT_CONVERSION = YES;
				CLANG_WARN_OBJC_ROOT_CLASS = YES_ERROR;
				CLANG_WARN_UNREACHABLE_CODE = YES;
				CLANG_WARN__DUPLICATE_METHOD_MATCH = YES;
				"CODE_SIGN_IDENTITY[sdk=iphoneos*]" = "iPhone Developer";
				COPY_PHASE_STRIP = NO;
				DEBUG_INFORMATION_FORMAT = dwarf;
				ENABLE_STRICT_OBJC_MSGSEND = YES;
				ENABLE_TESTABILITY = YES;
				GCC_C_LANGUAGE_STANDARD = gnu99;
				GCC_DYNAMIC_NO_PIC = NO;
				GCC_NO_COMMON_BLOCKS = YES;
				GCC_OPTIMIZATION_LEVEL = 0;
				GCC_PREPROCESSOR_DEFINITIONS = (
					"DEBUG=1",
					"$(inherited)",
				);
				GCC_WARN_64_TO_32_BIT_CONVERSION = YES;
				GCC_WARN_ABOUT_RETURN_TYPE = YES_ERROR;
				GCC_WARN_UNDECLARED_SELECTOR = YES;
				GCC_WARN_UNINITIALIZED_AUTOS = YES_AGGRESSIVE;
				GCC_WARN_UNUSED_FUNCTION = YES;
				GCC_WARN_UNUSED_VARIABLE = YES;
				IPHONEOS_DEPLOYMENT_TARGET = 12.0;
				MTL_ENABLE_DEBUG_INFO = YES;
				ONLY_ACTIVE_ARCH = YES;
				SDKROOT = iphoneos;
				TARGETED_DEVICE_FAMILY = "1,2";
			};
			name = Debug;
		};
		C2AB2ADC1CC5353000404A01 /* Release */ = {
			isa = XCBuildConfiguration;
			buildSettings = {
				ALWAYS_SEARCH_USER_PATHS = NO;
				CLANG_CXX_LANGUAGE_STANDARD = "gnu++0x";
				CLANG_CXX_LIBRARY = "libc++";
				CLANG_ENABLE_MODULES = YES;
				CLANG_ENABLE_OBJC_ARC = YES;
				CLANG_WARN_BOOL_CONVERSION = YES;
				CLANG_WARN_CONSTANT_CONVERSION = YES;
				CLANG_WARN_DIRECT_OBJC_ISA_USAGE = YES_ERROR;
				CLANG_WARN_EMPTY_BODY = YES;
				CLANG_WARN_ENUM_CONVERSION = YES;
				CLANG_WARN_INT_CONVERSION = YES;
				CLANG_WARN_OBJC_ROOT_CLASS = YES_ERROR;
				CLANG_WARN_UNREACHABLE_CODE = YES;
				CLANG_WARN__DUPLICATE_METHOD_MATCH = YES;
				"CODE_SIGN_IDENTITY[sdk=iphoneos*]" = "iPhone Developer";
				COPY_PHASE_STRIP = NO;
				DEBUG_INFORMATION_FORMAT = "dwarf-with-dsym";
				ENABLE_NS_ASSERTIONS = NO;
				ENABLE_STRICT_OBJC_MSGSEND = YES;
				GCC_C_LANGUAGE_STANDARD = gnu99;
				GCC_NO_COMMON_BLOCKS = YES;
				GCC_WARN_64_TO_32_BIT_CONVERSION = YES;
				GCC_WARN_ABOUT_RETURN_TYPE = YES_ERROR;
				GCC_WARN_UNDECLARED_SELECTOR = YES;
				GCC_WARN_UNINITIALIZED_AUTOS = YES_AGGRESSIVE;
				GCC_WARN_UNUSED_FUNCTION = YES;
				GCC_WARN_UNUSED_VARIABLE = YES;
				IPHONEOS_DEPLOYMENT_TARGET = 12.0;
				MTL_ENABLE_DEBUG_INFO = NO;
				SDKROOT = iphoneos;
				TARGETED_DEVICE_FAMILY = "1,2";
				VALIDATE_PRODUCT = YES;
			};
			name = Release;
		};
		C2AB2ADE1CC5353000404A01 /* Debug */ = {
			isa = XCBuildConfiguration;
			buildSettings = {
				ASSETCATALOG_COMPILER_APPICON_NAME = AppIcon;
				CODE_SIGN_IDENTITY = "Apple Development";
				CODE_SIGN_STYLE = Automatic;
				DEVELOPMENT_TEAM = "";
				INFOPLIST_FILE = SampleApp/Info.plist;
				LD_RUNPATH_SEARCH_PATHS = "$(inherited) @executable_path/Frameworks";
				PRODUCT_BUNDLE_IDENTIFIER = com.QuestionPro.QuestionProEnterprise.SampleApp;
				PRODUCT_NAME = "$(TARGET_NAME)";
				PROVISIONING_PROFILE_SPECIFIER = "";
			};
			name = Debug;
		};
		C2AB2ADF1CC5353000404A01 /* Release */ = {
			isa = XCBuildConfiguration;
			buildSettings = {
				ASSETCATALOG_COMPILER_APPICON_NAME = AppIcon;
				CODE_SIGN_IDENTITY = "Apple Development";
				CODE_SIGN_STYLE = Automatic;
				DEVELOPMENT_TEAM = "";
				INFOPLIST_FILE = SampleApp/Info.plist;
				LD_RUNPATH_SEARCH_PATHS = "$(inherited) @executable_path/Frameworks";
				PRODUCT_BUNDLE_IDENTIFIER = com.QuestionPro.QuestionProEnterprise.SampleApp;
				PRODUCT_NAME = "$(TARGET_NAME)";
				PROVISIONING_PROFILE_SPECIFIER = "";
			};
			name = Release;
		};
/* End XCBuildConfiguration section */

/* Begin XCConfigurationList section */
		C2AB2AC11CC5353000404A01 /* Build configuration list for PBXProject "SampleApp" */ = {
			isa = XCConfigurationList;
			buildConfigurations = (
				C2AB2ADB1CC5353000404A01 /* Debug */,
				C2AB2ADC1CC5353000404A01 /* Release */,
			);
			defaultConfigurationIsVisible = 0;
			defaultConfigurationName = Release;
		};
		C2AB2ADD1CC5353000404A01 /* Build configuration list for PBXNativeTarget "SampleApp" */ = {
			isa = XCConfigurationList;
			buildConfigurations = (
				C2AB2ADE1CC5353000404A01 /* Debug */,
				C2AB2ADF1CC5353000404A01 /* Release */,
			);
			defaultConfigurationIsVisible = 0;
			defaultConfigurationName = Release;
		};
/* End XCConfigurationList section */
	};
	rootObject = C2AB2ABE1CC5353000404A01 /* Project object */;
}
